
Microsoft Visual Studio Solution File, Format Version 12.00
# Visual Studio 15
Project("{FAE04EC0-301F-11D3-BF4B-00C04F79EFBC}") = "Assembly-CSharp", "Assembly-CSharp.csproj", "{CC99126D-1126-9573-E904-3D2683DD27BA}"
EndProject
Global
	GlobalSection(SolutionConfigurationPlatforms) = preSolution
		Debug|Any CPU = Debug|Any CPU
		Release|Any CPU = Release|Any CPU
	EndGlobalSection
	GlobalSection(ProjectConfigurationPlatforms) = postSolution
		{CC99126D-1126-9573-E904-3D2683DD27BA}.Debug|Any CPU.ActiveCfg = Debug|Any CPU
		{CC99126D-1126-9573-E904-3D2683DD27BA}.Debug|Any CPU.Build.0 = Debug|Any CPU
		{CC99126D-1126-9573-E904-3D2683DD27BA}.Release|Any CPU.ActiveCfg = Release|Any CPU
		{CC99126D-1126-9573-E904-3D2683DD27BA}.Release|Any CPU.Build.0 = Release|Any CPU
	EndGlobalSection
	GlobalSection(SolutionProperties) = preSolution
		HideSolutionNode = FALSE
	EndGlobalSection
EndGlobal
